
Microsoft Visual Studio Solution File, Format Version 12.00
# Visual Studio 14
VisualStudioVersion = 14.0.23107.0
MinimumVisualStudioVersion = 10.0.40219.1
Project("{FAE04EC0-301F-11D3-BF4B-00C04F79EFBC}") = "001 Hello World", "001 Hello World\001 Hello World.csproj", "{C3B04B3F-2112-4EC7-81CF-5215DE04CA67}"
EndProject
Project("{FAE04EC0-301F-11D3-BF4B-00C04F79EFBC}") = "002 Global Style", "002 Global Style\002 Global Style.csproj", "{A7909D00-35BE-4D15-AE05-36E6F9A21902}"
EndProject
Project("{FAE04EC0-301F-11D3-BF4B-00C04F79EFBC}") = "003 Static Page", "003 Static Page\003 Static Page.csproj", "{EEB827FA-464B-4151-80CD-CC8574F7FD1F}"
EndProject
Project("{FAE04EC0-301F-11D3-BF4B-00C04F79EFBC}") = "004 Data Model", "004 Data Model\004 Data Model.csproj", "{8058CCB5-E232-4E01-95B5-947BB714A9A9}"
EndProject
Project("{FAE04EC0-301F-11D3-BF4B-00C04F79EFBC}") = "005 Global Event", "005 Global Event\005 Global Event.csproj", "{AA5D6C35-5EE4-413E-926C-163E87375B7C}"
EndProject
Project("{FAE04EC0-301F-11D3-BF4B-00C04F79EFBC}") = "006 Host Event", "006 Host Event\006 Host Event.csproj", "{0D16BBD1-D098-4CDD-B49C-6B1E639F9B0C}"
EndProject
Project("{FAE04EC0-301F-11D3-BF4B-00C04F79EFBC}") = "007 Host Mapping", "007 Host Mapping\007 Host Mapping.csproj", "{18EEC4FC-55B2-48ED-97EE-3397BB3A6E10}"
EndProject
Global
	GlobalSection(SolutionConfigurationPlatforms) = preSolution
		Debug|Any CPU = Debug|Any CPU
		Release|Any CPU = Release|Any CPU
	EndGlobalSection
	GlobalSection(ProjectConfigurationPlatforms) = postSolution
		{C3B04B3F-2112-4EC7-81CF-5215DE04CA67}.Debug|Any CPU.ActiveCfg = Debug|Any CPU
		{C3B04B3F-2112-4EC7-81CF-5215DE04CA67}.Debug|Any CPU.Build.0 = Debug|Any CPU
		{C3B04B3F-2112-4EC7-81CF-5215DE04CA67}.Release|Any CPU.ActiveCfg = Release|Any CPU
		{C3B04B3F-2112-4EC7-81CF-5215DE04CA67}.Release|Any CPU.Build.0 = Release|Any CPU
		{A7909D00-35BE-4D15-AE05-36E6F9A21902}.Debug|Any CPU.ActiveCfg = Debug|Any CPU
		{A7909D00-35BE-4D15-AE05-36E6F9A21902}.Debug|Any CPU.Build.0 = Debug|Any CPU
		{A7909D00-35BE-4D15-AE05-36E6F9A21902}.Release|Any CPU.ActiveCfg = Release|Any CPU
		{A7909D00-35BE-4D15-AE05-36E6F9A21902}.Release|Any CPU.Build.0 = Release|Any CPU
		{EEB827FA-464B-4151-80CD-CC8574F7FD1F}.Debug|Any CPU.ActiveCfg = Debug|Any CPU
		{EEB827FA-464B-4151-80CD-CC8574F7FD1F}.Debug|Any CPU.Build.0 = Debug|Any CPU
		{EEB827FA-464B-4151-80CD-CC8574F7FD1F}.Release|Any CPU.ActiveCfg = Release|Any CPU
		{EEB827FA-464B-4151-80CD-CC8574F7FD1F}.Release|Any CPU.Build.0 = Release|Any CPU
		{8058CCB5-E232-4E01-95B5-947BB714A9A9}.Debug|Any CPU.ActiveCfg = Debug|Any CPU
		{8058CCB5-E232-4E01-95B5-947BB714A9A9}.Debug|Any CPU.Build.0 = Debug|Any CPU
		{8058CCB5-E232-4E01-95B5-947BB714A9A9}.Release|Any CPU.ActiveCfg = Release|Any CPU
		{8058CCB5-E232-4E01-95B5-947BB714A9A9}.Release|Any CPU.Build.0 = Release|Any CPU
		{AA5D6C35-5EE4-413E-926C-163E87375B7C}.Debug|Any CPU.ActiveCfg = Debug|Any CPU
		{AA5D6C35-5EE4-413E-926C-163E87375B7C}.Debug|Any CPU.Build.0 = Debug|Any CPU
		{AA5D6C35-5EE4-413E-926C-163E87375B7C}.Release|Any CPU.ActiveCfg = Release|Any CPU
		{AA5D6C35-5EE4-413E-926C-163E87375B7C}.Release|Any CPU.Build.0 = Release|Any CPU
		{0D16BBD1-D098-4CDD-B49C-6B1E639F9B0C}.Debug|Any CPU.ActiveCfg = Debug|Any CPU
		{0D16BBD1-D098-4CDD-B49C-6B1E639F9B0C}.Debug|Any CPU.Build.0 = Debug|Any CPU
		{0D16BBD1-D098-4CDD-B49C-6B1E639F9B0C}.Release|Any CPU.ActiveCfg = Release|Any CPU
		{0D16BBD1-D098-4CDD-B49C-6B1E639F9B0C}.Release|Any CPU.Build.0 = Release|Any CPU
		{18EEC4FC-55B2-48ED-97EE-3397BB3A6E10}.Debug|Any CPU.ActiveCfg = Debug|Any CPU
		{18EEC4FC-55B2-48ED-97EE-3397BB3A6E10}.Debug|Any CPU.Build.0 = Debug|Any CPU
		{18EEC4FC-55B2-48ED-97EE-3397BB3A6E10}.Release|Any CPU.ActiveCfg = Release|Any CPU
		{18EEC4FC-55B2-48ED-97EE-3397BB3A6E10}.Release|Any CPU.Build.0 = Release|Any CPU
	EndGlobalSection
	GlobalSection(SolutionProperties) = preSolution
		HideSolutionNode = FALSE
	EndGlobalSection
EndGlobal
